
Microsoft Visual Studio Solution File, Format Version 12.00
# Visual Studio Version 17
VisualStudioVersion = 17.10.34928.147
MinimumVisualStudioVersion = 10.0.40219.1
Project("{FAE04EC0-301F-11D3-BF4B-00C04F79EFBC}") = "Exercício C# 2", "Desafio C# 2\Exercício C# 2.csproj", "{C571A5C8-331A-4668-8E1C-19529395A4FE}"
EndProject
Global
	GlobalSection(SolutionConfigurationPlatforms) = preSolution
		Debug|Any CPU = Debug|Any CPU
		Release|Any CPU = Release|Any CPU
	EndGlobalSection
	GlobalSection(ProjectConfigurationPlatforms) = postSolution
		{C571A5C8-331A-4668-8E1C-19529395A4FE}.Debug|Any CPU.ActiveCfg = Debug|Any CPU
		{C571A5C8-331A-4668-8E1C-19529395A4FE}.Debug|Any CPU.Build.0 = Debug|Any CPU
		{C571A5C8-331A-4668-8E1C-19529395A4FE}.Release|Any CPU.ActiveCfg = Release|Any CPU
		{C571A5C8-331A-4668-8E1C-19529395A4FE}.Release|Any CPU.Build.0 = Release|Any CPU
	EndGlobalSection
	GlobalSection(SolutionProperties) = preSolution
		HideSolutionNode = FALSE
	EndGlobalSection
	GlobalSection(ExtensibilityGlobals) = postSolution
		SolutionGuid = {CD308AF5-E6F6-48B0-9AB5-B098E44DB10A}
	EndGlobalSection
EndGlobal
